
Microsoft Visual Studio Solution File, Format Version 12.00
# Visual Studio Version 16
VisualStudioVersion = 16.0.29613.14
MinimumVisualStudioVersion = 10.0.40219.1
Project("{FAE04EC0-301F-11D3-BF4B-00C04F79EFBC}") = "DXApplicationImageTest", "Project\DXApplicationImageTest.csproj", "{C7C8940A-DEFA-4179-B952-79CF2B03D5EE}"
EndProject
Global
	GlobalSection(SolutionConfigurationPlatforms) = preSolution
		Debug|Any CPU = Debug|Any CPU
		Release|Any CPU = Release|Any CPU
	EndGlobalSection
	GlobalSection(ProjectConfigurationPlatforms) = postSolution
		{C7C8940A-DEFA-4179-B952-79CF2B03D5EE}.Debug|Any CPU.ActiveCfg = Debug|Any CPU
		{C7C8940A-DEFA-4179-B952-79CF2B03D5EE}.Debug|Any CPU.Build.0 = Debug|Any CPU
		{C7C8940A-DEFA-4179-B952-79CF2B03D5EE}.Release|Any CPU.ActiveCfg = Release|Any CPU
		{C7C8940A-DEFA-4179-B952-79CF2B03D5EE}.Release|Any CPU.Build.0 = Release|Any CPU
	EndGlobalSection
	GlobalSection(SolutionProperties) = preSolution
		HideSolutionNode = FALSE
	EndGlobalSection
	GlobalSection(ExtensibilityGlobals) = postSolution
		SolutionGuid = {058AC099-97C2-4C15-9A74-CF631D241E3F}
	EndGlobalSection
EndGlobal
